<Solution>
  <Project Path="ElectricFox.Epaper.Data/ElectricFox.Epaper.Data.csproj" />
  <Project Path="ElectricFox.Epaper.Desktop\ElectricFox.Epaper.Desktop.csproj" Type="Classic C#" />
  <Project Path="ElectricFox.Epaper.Layout/ElectricFox.Epaper.Layout.csproj" />
  <Project Path="ElectricFox.Epaper.Rendering/ElectricFox.Epaper.Rendering.csproj" />
  <Project Path="ElectricFox.Epaper.Shared/ElectricFox.Epaper.Shared.csproj" />
  <Project Path="ElectricFox.Epaper.Sockets/ElectricFox.Epaper.Sockets.csproj" />
  <Project Path="ElectricFox.EpaperWorker/ElectricFox.EpaperWorker.csproj" />
  <Project Path="ElectricFox.HomeAssistantClient/ElectricFox.HomeAssistant.csproj" />
  <Project Path="ElectricFox.OpenWeather/ElectricFox.OpenWeather.csproj" />
</Solution>